
Microsoft Visual Studio Solution File, Format Version 12.00
# Visual Studio 2012
Project("{FAE04EC0-301F-11D3-BF4B-00C04F79EFBC}") = "LiveChatApp", "LiveChatApp\LiveChatApp.csproj", "{19F1DCEE-F737-4779-9D66-A05CBA447901}"
EndProject
Project("{FAE04EC0-301F-11D3-BF4B-00C04F79EFBC}") = "LiveChatApp.Tests", "LiveChatApp.Tests\LiveChatApp.Tests.csproj", "{2B49A036-6542-4387-B026-D1E57466E770}"
EndProject
Project("{2150E333-8FDC-42A3-9474-1A3956D46DE8}") = "Tests", "Tests", "{247D50C2-AFCA-462C-AFEF-0283A61C5148}"
EndProject
Global
	GlobalSection(SolutionConfigurationPlatforms) = preSolution
		Debug|Any CPU = Debug|Any CPU
		Release|Any CPU = Release|Any CPU
	EndGlobalSection
	GlobalSection(ProjectConfigurationPlatforms) = postSolution
		{19F1DCEE-F737-4779-9D66-A05CBA447901}.Debug|Any CPU.ActiveCfg = Debug|Any CPU
		{19F1DCEE-F737-4779-9D66-A05CBA447901}.Debug|Any CPU.Build.0 = Debug|Any CPU
		{19F1DCEE-F737-4779-9D66-A05CBA447901}.Release|Any CPU.ActiveCfg = Release|Any CPU
		{19F1DCEE-F737-4779-9D66-A05CBA447901}.Release|Any CPU.Build.0 = Release|Any CPU
		{2B49A036-6542-4387-B026-D1E57466E770}.Debug|Any CPU.ActiveCfg = Debug|Any CPU
		{2B49A036-6542-4387-B026-D1E57466E770}.Debug|Any CPU.Build.0 = Debug|Any CPU
		{2B49A036-6542-4387-B026-D1E57466E770}.Release|Any CPU.ActiveCfg = Release|Any CPU
		{2B49A036-6542-4387-B026-D1E57466E770}.Release|Any CPU.Build.0 = Release|Any CPU
	EndGlobalSection
	GlobalSection(SolutionProperties) = preSolution
		HideSolutionNode = FALSE
	EndGlobalSection
	GlobalSection(NestedProjects) = preSolution
		{2B49A036-6542-4387-B026-D1E57466E770} = {247D50C2-AFCA-462C-AFEF-0283A61C5148}
	EndGlobalSection
EndGlobal
